
Microsoft Visual Studio Solution File, Format Version 12.00
# Visual Studio Version 18
VisualStudioVersion = 18.3.11312.210
MinimumVisualStudioVersion = 10.0.40219.1
Project("{FAE04EC0-301F-11D3-BF4B-00C04F79EFBC}") = "School.ConsoleApp", "School.ConsoleApp\School.ConsoleApp.csproj", "{747BB81A-7D35-4BF4-B8B5-1155CAE37745}"
EndProject
Project("{FAE04EC0-301F-11D3-BF4B-00C04F79EFBC}") = "School.Library", "School.Library\School.Library.csproj", "{0D5F0D3A-0FFD-4F99-B829-95A00D331916}"
EndProject
Project("{FAE04EC0-301F-11D3-BF4B-00C04F79EFBC}") = "School.Benchmark", "School.Benchmark\School.Benchmark.csproj", "{EF8E6150-7A5F-4DC0-814C-D9578BD26D51}"
EndProject
Global
	GlobalSection(SolutionConfigurationPlatforms) = preSolution
		Debug|Any CPU = Debug|Any CPU
		Release|Any CPU = Release|Any CPU
	EndGlobalSection
	GlobalSection(ProjectConfigurationPlatforms) = postSolution
		{747BB81A-7D35-4BF4-B8B5-1155CAE37745}.Debug|Any CPU.ActiveCfg = Debug|Any CPU
		{747BB81A-7D35-4BF4-B8B5-1155CAE37745}.Debug|Any CPU.Build.0 = Debug|Any CPU
		{747BB81A-7D35-4BF4-B8B5-1155CAE37745}.Release|Any CPU.ActiveCfg = Release|Any CPU
		{747BB81A-7D35-4BF4-B8B5-1155CAE37745}.Release|Any CPU.Build.0 = Release|Any CPU
		{0D5F0D3A-0FFD-4F99-B829-95A00D331916}.Debug|Any CPU.ActiveCfg = Debug|Any CPU
		{0D5F0D3A-0FFD-4F99-B829-95A00D331916}.Debug|Any CPU.Build.0 = Debug|Any CPU
		{0D5F0D3A-0FFD-4F99-B829-95A00D331916}.Release|Any CPU.ActiveCfg = Release|Any CPU
		{0D5F0D3A-0FFD-4F99-B829-95A00D331916}.Release|Any CPU.Build.0 = Release|Any CPU
		{EF8E6150-7A5F-4DC0-814C-D9578BD26D51}.Debug|Any CPU.ActiveCfg = Debug|Any CPU
		{EF8E6150-7A5F-4DC0-814C-D9578BD26D51}.Debug|Any CPU.Build.0 = Debug|Any CPU
		{EF8E6150-7A5F-4DC0-814C-D9578BD26D51}.Release|Any CPU.ActiveCfg = Release|Any CPU
		{EF8E6150-7A5F-4DC0-814C-D9578BD26D51}.Release|Any CPU.Build.0 = Release|Any CPU
	EndGlobalSection
	GlobalSection(SolutionProperties) = preSolution
		HideSolutionNode = FALSE
	EndGlobalSection
	GlobalSection(ExtensibilityGlobals) = postSolution
		SolutionGuid = {B104A694-DFE0-4153-BE64-C8371E023982}
	EndGlobalSection
EndGlobal
